
Microsoft Visual Studio Solution File, Format Version 12.00
# Visual Studio Version 17
VisualStudioVersion = 17.12.35707.178 d17.12
MinimumVisualStudioVersion = 10.0.40219.1
Project("{FAE04EC0-301F-11D3-BF4B-00C04F79EFBC}") = "Backend.Api", "Backend.Api\Backend.Api.csproj", "{CF2A7BD8-514C-4DBE-B510-A6F5FD894098}"
EndProject
Project("{FAE04EC0-301F-11D3-BF4B-00C04F79EFBC}") = "Frontend.Blazor", "Frontend.Blazor\Frontend.Blazor.csproj", "{91607BE2-B840-440D-978B-E48BBBDF55EF}"
EndProject
Project("{FAE04EC0-301F-11D3-BF4B-00C04F79EFBC}") = "Backend.Api.Tests", "Backend.Api.Tests\Backend.Api.Tests.csproj", "{EEA4F148-42CE-425F-AF9B-E085D04DE51E}"
EndProject
Global
	GlobalSection(SolutionConfigurationPlatforms) = preSolution
		Debug|Any CPU = Debug|Any CPU
		Release|Any CPU = Release|Any CPU
	EndGlobalSection
	GlobalSection(ProjectConfigurationPlatforms) = postSolution
		{CF2A7BD8-514C-4DBE-B510-A6F5FD894098}.Debug|Any CPU.ActiveCfg = Debug|Any CPU
		{CF2A7BD8-514C-4DBE-B510-A6F5FD894098}.Debug|Any CPU.Build.0 = Debug|Any CPU
		{CF2A7BD8-514C-4DBE-B510-A6F5FD894098}.Release|Any CPU.ActiveCfg = Release|Any CPU
		{CF2A7BD8-514C-4DBE-B510-A6F5FD894098}.Release|Any CPU.Build.0 = Release|Any CPU
		{91607BE2-B840-440D-978B-E48BBBDF55EF}.Debug|Any CPU.ActiveCfg = Debug|Any CPU
		{91607BE2-B840-440D-978B-E48BBBDF55EF}.Debug|Any CPU.Build.0 = Debug|Any CPU
		{91607BE2-B840-440D-978B-E48BBBDF55EF}.Release|Any CPU.ActiveCfg = Release|Any CPU
		{91607BE2-B840-440D-978B-E48BBBDF55EF}.Release|Any CPU.Build.0 = Release|Any CPU
		{EEA4F148-42CE-425F-AF9B-E085D04DE51E}.Debug|Any CPU.ActiveCfg = Debug|Any CPU
		{EEA4F148-42CE-425F-AF9B-E085D04DE51E}.Debug|Any CPU.Build.0 = Debug|Any CPU
		{EEA4F148-42CE-425F-AF9B-E085D04DE51E}.Release|Any CPU.ActiveCfg = Release|Any CPU
		{EEA4F148-42CE-425F-AF9B-E085D04DE51E}.Release|Any CPU.Build.0 = Release|Any CPU
	EndGlobalSection
	GlobalSection(SolutionProperties) = preSolution
		HideSolutionNode = FALSE
	EndGlobalSection
EndGlobal
